// !$*UTF8*$!
{
	archiveVersion = 1;
	classes = {
	};
	objectVersion = 50;
	objects = {

/* Begin PBXBuildFile section */
		633CEECF25C97ABF0096143F /* AppDelegate.swift in Sources */ = {isa = PBXBuildFile; fileRef = 633CEECE25C97ABF0096143F /* AppDelegate.swift */; };
		633CEED125C97ABF0096143F /* SceneDelegate.swift in Sources */ = {isa = PBXBuildFile; fileRef = 633CEED025C97ABF0096143F /* SceneDelegate.swift */; };
		633CEED325C97ABF0096143F /* ViewController.swift in Sources */ = {isa = PBXBuildFile; fileRef = 633CEED225C97ABF0096143F /* ViewController.swift */; };
		633CEED625C97ABF0096143F /* Main.storyboard in Resources */ = {isa = PBXBuildFile; fileRef = 633CEED425C97ABF0096143F /* Main.storyboard */; };
		633CEED825C97AC10096143F /* Assets.xcassets in Resources */ = {isa = PBXBuildFile; fileRef = 633CEED725C97AC10096143F /* Assets.xcassets */; };
		633CEEDB25C97AC10096143F /* LaunchScreen.storyboard in Resources */ = {isa = PBXBuildFile; fileRef = 633CEED925C97AC10096143F /* LaunchScreen.storyboard */; };
		633CEEE425C97E810096143F /* PulseAnimation.swift in Sources */ = {isa = PBXBuildFile; fileRef = 633CEEE325C97E810096143F /* PulseAnimation.swift */; };
/* End PBXBuildFile section */

/* Begin PBXContainerItemProxy section */
		630564D625CD4E350092ECE2 /* PBXContainerItemProxy */ = {
			isa = PBXContainerItemProxy;
			containerPortal = 630564D225CD4E340092ECE2 /* CoreAnimations.xcodeproj */;
			proxyType = 2;
			remoteGlobalIDString = 63A479BA25CC07E6003AF750;
			remoteInfo = CoreAnimations;
		};
/* End PBXContainerItemProxy section */

/* Begin PBXFileReference section */
		630564D225CD4E340092ECE2 /* CoreAnimations.xcodeproj */ = {isa = PBXFileReference; lastKnownFileType = "wrapper.pb-project"; path = CoreAnimations.xcodeproj; sourceTree = "<group>"; };
		633CEECB25C97ABF0096143F /* PulsingCircleAnimation.app */ = {isa = PBXFileReference; explicitFileType = wrapper.application; includeInIndex = 0; path = PulsingCircleAnimation.app; sourceTree = BUILT_PRODUCTS_DIR; };
		633CEECE25C97ABF0096143F /* AppDelegate.swift */ = {isa = PBXFileReference; lastKnownFileType = sourcecode.swift; path = AppDelegate.swift; sourceTree = "<group>"; };
		633CEED025C97ABF0096143F /* SceneDelegate.swift */ = {isa = PBXFileReference; lastKnownFileType = sourcecode.swift; path = SceneDelegate.swift; sourceTree = "<group>"; };
		633CEED225C97ABF0096143F /* ViewController.swift */ = {isa = PBXFileReference; lastKnownFileType = sourcecode.swift; path = ViewController.swift; sourceTree = "<group>"; };
		633CEED525C97ABF0096143F /* Base */ = {isa = PBXFileReference; lastKnownFileType = file.storyboard; name = Base; path = Base.lproj/Main.storyboard; sourceTree = "<group>"; };
		633CEED725C97AC10096143F /* Assets.xcassets */ = {isa = PBXFileReference; lastKnownFileType = folder.assetcatalog; path = Assets.xcassets; sourceTree = "<group>"; };
		633CEEDA25C97AC10096143F /* Base */ = {isa = PBXFileReference; lastKnownFileType = file.storyboard; name = Base; path = Base.lproj/LaunchScreen.storyboard; sourceTree = "<group>"; };
		633CEEDC25C97AC10096143F /* Info.plist */ = {isa = PBXFileReference; lastKnownFileType = text.plist.xml; path = Info.plist; sourceTree = "<group>"; };
		633CEEE325C97E810096143F /* PulseAnimation.swift */ = {isa = PBXFileReference; lastKnownFileType = sourcecode.swift; path = PulseAnimation.swift; sourceTree = "<group>"; };
/* End PBXFileReference section */

/* Begin PBXFrameworksBuildPhase section */
		633CEEC825C97ABF0096143F /* Frameworks */ = {
			isa = PBXFrameworksBuildPhase;
			buildActionMask = 2147483647;
			files = (
			);
			runOnlyForDeploymentPostprocessing = 0;
		};
/* End PBXFrameworksBuildPhase section */

/* Begin PBXGroup section */
		630564D325CD4E340092ECE2 /* Products */ = {
			isa = PBXGroup;
			children = (
				630564D725CD4E350092ECE2 /* CoreAnimations.app */,
			);
			name = Products;
			sourceTree = "<group>";
		};
		633CEEC225C97ABF0096143F = {
			isa = PBXGroup;
			children = (
				630564D225CD4E340092ECE2 /* CoreAnimations.xcodeproj */,
				633CEECD25C97ABF0096143F /* PulsingCircleAnimation */,
				633CEECC25C97ABF0096143F /* Products */,
			);
			sourceTree = "<group>";
		};
		633CEECC25C97ABF0096143F /* Products */ = {
			isa = PBXGroup;
			children = (
				633CEECB25C97ABF0096143F /* PulsingCircleAnimation.app */,
			);
			name = Products;
			sourceTree = "<group>";
		};
		633CEECD25C97ABF0096143F /* PulsingCircleAnimation */ = {
			isa = PBXGroup;
			children = (
				633CEECE25C97ABF0096143F /* AppDelegate.swift */,
				633CEED025C97ABF0096143F /* SceneDelegate.swift */,
				633CEED225C97ABF0096143F /* ViewController.swift */,
				633CEEE325C97E810096143F /* PulseAnimation.swift */,
				633CEED425C97ABF0096143F /* Main.storyboard */,
				633CEED725C97AC10096143F /* Assets.xcassets */,
				633CEED925C97AC10096143F /* LaunchScreen.storyboard */,
				633CEEDC25C97AC10096143F /* Info.plist */,
			);
			path = PulsingCircleAnimation;
			sourceTree = "<group>";
		};
/* End PBXGroup section */

/* Begin PBXNativeTarget section */
		633CEECA25C97ABF0096143F /* PulsingCircleAnimation */ = {
			isa = PBXNativeTarget;
			buildConfigurationList = 633CEEDF25C97AC10096143F /* Build configuration list for PBXNativeTarget "PulsingCircleAnimation" */;
			buildPhases = (
				633CEEC725C97ABF0096143F /* Sources */,
				633CEEC825C97ABF0096143F /* Frameworks */,
				633CEEC925C97ABF0096143F /* Resources */,
			);
			buildRules = (
			);
			dependencies = (
			);
			name = PulsingCircleAnimation;
			productName = PulsingCircleAnimation;
			productReference = 633CEECB25C97ABF0096143F /* PulsingCircleAnimation.app */;
			productType = "com.apple.product-type.application";
		};
/* End PBXNativeTarget section */

/* Begin PBXProject section */
		633CEEC325C97ABF0096143F /* Project object */ = {
			isa = PBXProject;
			attributes = {
				LastSwiftUpdateCheck = 1240;
				LastUpgradeCheck = 1240;
				TargetAttributes = {
					633CEECA25C97ABF0096143F = {
						CreatedOnToolsVersion = 12.4;
					};
				};
			};
			buildConfigurationList = 633CEEC625C97ABF0096143F /* Build configuration list for PBXProject "PulsingCircleAnimation" */;
			compatibilityVersion = "Xcode 9.3";
			developmentRegion = en;
			hasScannedForEncodings = 0;
			knownRegions = (
				en,
				Base,
			);
			mainGroup = 633CEEC225C97ABF0096143F;
			productRefGroup = 633CEECC25C97ABF0096143F /* Products */;
			projectDirPath = "";
			projectReferences = (
				{
					ProductGroup = 630564D325CD4E340092ECE2 /* Products */;
					ProjectRef = 630564D225CD4E340092ECE2 /* CoreAnimations.xcodeproj */;
				},
			);
			projectRoot = "";
			targets = (
				633CEECA25C97ABF0096143F /* PulsingCircleAnimation */,
			);
		};
/* End PBXProject section */

/* Begin PBXReferenceProxy section */
		630564D725CD4E350092ECE2 /* CoreAnimations.app */ = {
			isa = PBXReferenceProxy;
			fileType = wrapper.application;
			path = CoreAnimations.app;
			remoteRef = 630564D625CD4E350092ECE2 /* PBXContainerItemProxy */;
			sourceTree = BUILT_PRODUCTS_DIR;
		};
/* End PBXReferenceProxy section */

/* Begin PBXResourcesBuildPhase section */
		633CEEC925C97ABF0096143F /* Resources */ = {
			isa = PBXResourcesBuildPhase;
			buildActionMask = 2147483647;
			files = (
				633CEEDB25C97AC10096143F /* LaunchScreen.storyboard in Resources */,
				633CEED825C97AC10096143F /* Assets.xcassets in Resources */,
				633CEED625C97ABF0096143F /* Main.storyboard in Resources */,
			);
			runOnlyForDeploymentPostprocessing = 0;
		};
/* End PBXResourcesBuildPhase section */

/* Begin PBXSourcesBuildPhase section */
		633CEEC725C97ABF0096143F /* Sources */ = {
			isa = PBXSourcesBuildPhase;
			buildActionMask = 2147483647;
			files = (
				633CEEE425C97E810096143F /* PulseAnimation.swift in Sources */,
				633CEED325C97ABF0096143F /* ViewController.swift in Sources */,
				633CEECF25C97ABF0096143F /* AppDelegate.swift in Sources */,
				633CEED125C97ABF0096143F /* SceneDelegate.swift in Sources */,
			);
			runOnlyForDeploymentPostprocessing = 0;
		};
/* End PBXSourcesBuildPhase section */

/* Begin PBXVariantGroup section */
		633CEED425C97ABF0096143F /* Main.storyboard */ = {
			isa = PBXVariantGroup;
			children = (
				633CEED525C97ABF0096143F /* Base */,
			);
			name = Main.storyboard;
			sourceTree = "<group>";
		};
		633CEED925C97AC10096143F /* LaunchScreen.storyboard */ = {
			isa = PBXVariantGroup;
			children = (
				633CEEDA25C97AC10096143F /* Base */,
			);
			name = LaunchScreen.storyboard;
			sourceTree = "<group>";
		};
/* End PBXVariantGroup section */

/* Begin XCBuildConfiguration section */
		633CEEDD25C97AC10096143F /* Debug */ = {
			isa = XCBuildConfiguration;
			buildSettings = {
				ALWAYS_SEARCH_USER_PATHS = NO;
				CLANG_ANALYZER_NONNULL = YES;
				CLANG_ANALYZER_NUMBER_OBJECT_CONVERSION = YES_AGGRESSIVE;
				CLANG_CXX_LANGUAGE_STANDARD = "gnu++14";
				CLANG_CXX_LIBRARY = "libc++";
				CLANG_ENABLE_MODULES = YES;
				CLANG_ENABLE_OBJC_ARC = YES;
				CLANG_ENABLE_OBJC_WEAK = YES;
				CLANG_WARN_BLOCK_CAPTURE_AUTORELEASING = YES;
				CLANG_WARN_BOOL_CONVERSION = YES;
				CLANG_WARN_COMMA = YES;
				CLANG_WARN_CONSTANT_CONVERSION = YES;
				CLANG_WARN_DEPRECATED_OBJC_IMPLEMENTATIONS = YES;
				CLANG_WARN_DIRECT_OBJC_ISA_USAGE = YES_ERROR;
				CLANG_WARN_DOCUMENTATION_COMMENTS = YES;
				CLANG_WARN_EMPTY_BODY = YES;
				CLANG_WARN_ENUM_CONVERSION = YES;
				CLANG_WARN_INFINITE_RECURSION = YES;
				CLANG_WARN_INT_CONVERSION = YES;
				CLANG_WARN_NON_LITERAL_NULL_CONVERSION = YES;
				CLANG_WARN_OBJC_IMPLICIT_RETAIN_SELF = YES;
				CLANG_WARN_OBJC_LITERAL_CONVERSION = YES;
				CLANG_WARN_OBJC_ROOT_CLASS = YES_ERROR;
				CLANG_WARN_QUOTED_INCLUDE_IN_FRAMEWORK_HEADER = YES;
				CLANG_WARN_RANGE_LOOP_ANALYSIS = YES;
				CLANG_WARN_STRICT_PROTOTYPES = YES;
				CLANG_WARN_SUSPICIOUS_MOVE = YES;
				CLANG_WARN_UNGUARDED_AVAILABILITY = YES_AGGRESSIVE;
				CLANG_WARN_UNREACHABLE_CODE = YES;
				CLANG_WARN__DUPLICATE_METHOD_MATCH = YES;
				COPY_PHASE_STRIP = NO;
				DEBUG_INFORMATION_FORMAT = dwarf;
				ENABLE_STRICT_OBJC_MSGSEND = YES;
				ENABLE_TESTABILITY = YES;
				GCC_C_LANGUAGE_STANDARD = gnu11;
				GCC_DYNAMIC_NO_PIC = NO;
				GCC_NO_COMMON_BLOCKS = YES;
				GCC_OPTIMIZATION_LEVEL = 0;
				GCC_PREPROCESSOR_DEFINITIONS = (
					"DEBUG=1",
					"$(inherited)",
				);
				GCC_WARN_64_TO_32_BIT_CONVERSION = YES;
				GCC_WARN_ABOUT_RETURN_TYPE = YES_ERROR;
				GCC_WARN_UNDECLARED_SELECTOR = YES;
				GCC_WARN_UNINITIALIZED_AUTOS = YES_AGGRESSIVE;
				GCC_WARN_UNUSED_FUNCTION = YES;
				GCC_WARN_UNUSED_VARIABLE = YES;
				IPHONEOS_DEPLOYMENT_TARGET = 14.4;
				MTL_ENABLE_DEBUG_INFO = INCLUDE_SOURCE;
				MTL_FAST_MATH = YES;
				ONLY_ACTIVE_ARCH = YES;
				SDKROOT = iphoneos;
				SWIFT_ACTIVE_COMPILATION_CONDITIONS = DEBUG;
				SWIFT_OPTIMIZATION_LEVEL = "-Onone";
			};
			name = Debug;
		};
		633CEEDE25C97AC10096143F /* Release */ = {
			isa = XCBuildConfiguration;
			buildSettings = {
				ALWAYS_SEARCH_USER_PATHS = NO;
				CLANG_ANALYZER_NONNULL = YES;
				CLANG_ANALYZER_NUMBER_OBJECT_CONVERSION = YES_AGGRESSIVE;
				CLANG_CXX_LANGUAGE_STANDARD = "gnu++14";
				CLANG_CXX_LIBRARY = "libc++";
				CLANG_ENABLE_MODULES = YES;
				CLANG_ENABLE_OBJC_ARC = YES;
				CLANG_ENABLE_OBJC_WEAK = YES;
				CLANG_WARN_BLOCK_CAPTURE_AUTORELEASING = YES;
				CLANG_WARN_BOOL_CONVERSION = YES;
				CLANG_WARN_COMMA = YES;
				CLANG_WARN_CONSTANT_CONVERSION = YES;
				CLANG_WARN_DEPRECATED_OBJC_IMPLEMENTATIONS = YES;
				CLANG_WARN_DIRECT_OBJC_ISA_USAGE = YES_ERROR;
				CLANG_WARN_DOCUMENTATION_COMMENTS = YES;
				CLANG_WARN_EMPTY_BODY = YES;
				CLANG_WARN_ENUM_CONVERSION = YES;
				CLANG_WARN_INFINITE_RECURSION = YES;
				CLANG_WARN_INT_CONVERSION = YES;
				CLANG_WARN_NON_LITERAL_NULL_CONVERSION = YES;
				CLANG_WARN_OBJC_IMPLICIT_RETAIN_SELF = YES;
				CLANG_WARN_OBJC_LITERAL_CONVERSION = YES;
				CLANG_WARN_OBJC_ROOT_CLASS = YES_ERROR;
				CLANG_WARN_QUOTED_INCLUDE_IN_FRAMEWORK_HEADER = YES;
				CLANG_WARN_RANGE_LOOP_ANALYSIS = YES;
				CLANG_WARN_STRICT_PROTOTYPES = YES;
				CLANG_WARN_SUSPICIOUS_MOVE = YES;
				CLANG_WARN_UNGUARDED_AVAILABILITY = YES_AGGRESSIVE;
				CLANG_WARN_UNREACHABLE_CODE = YES;
				CLANG_WARN__DUPLICATE_METHOD_MATCH = YES;
				COPY_PHASE_STRIP = NO;
				DEBUG_INFORMATION_FORMAT = "dwarf-with-dsym";
				ENABLE_NS_ASSERTIONS = NO;
				ENABLE_STRICT_OBJC_MSGSEND = YES;
				GCC_C_LANGUAGE_STANDARD = gnu11;
				GCC_NO_COMMON_BLOCKS = YES;
				GCC_WARN_64_TO_32_BIT_CONVERSION = YES;
				GCC_WARN_ABOUT_RETURN_TYPE = YES_ERROR;
				GCC_WARN_UNDECLARED_SELECTOR = YES;
				GCC_WARN_UNINITIALIZED_AUTOS = YES_AGGRESSIVE;
				GCC_WARN_UNUSED_FUNCTION = YES;
				GCC_WARN_UNUSED_VARIABLE = YES;
				IPHONEOS_DEPLOYMENT_TARGET = 14.4;
				MTL_ENABLE_DEBUG_INFO = NO;
				MTL_FAST_MATH = YES;
				SDKROOT = iphoneos;
				SWIFT_COMPILATION_MODE = wholemodule;
				SWIFT_OPTIMIZATION_LEVEL = "-O";
				VALIDATE_PRODUCT = YES;
			};
			name = Release;
		};
		633CEEE025C97AC10096143F /* Debug */ = {
			isa = XCBuildConfiguration;
			buildSettings = {
				ASSETCATALOG_COMPILER_APPICON_NAME = AppIcon;
				ASSETCATALOG_COMPILER_GLOBAL_ACCENT_COLOR_NAME = AccentColor;
				CODE_SIGN_STYLE = Automatic;
				INFOPLIST_FILE = PulsingCircleAnimation/Info.plist;
				LD_RUNPATH_SEARCH_PATHS = (
					"$(inherited)",
					"@executable_path/Frameworks",
				);
				PRODUCT_BUNDLE_IDENTIFIER = me.PulsingCircleAnimation;
				PRODUCT_NAME = "$(TARGET_NAME)";
				SWIFT_VERSION = 5.0;
				TARGETED_DEVICE_FAMILY = "1,2";
			};
			name = Debug;
		};
		633CEEE125C97AC10096143F /* Release */ = {
			isa = XCBuildConfiguration;
			buildSettings = {
				ASSETCATALOG_COMPILER_APPICON_NAME = AppIcon;
				ASSETCATALOG_COMPILER_GLOBAL_ACCENT_COLOR_NAME = AccentColor;
				CODE_SIGN_STYLE = Automatic;
				INFOPLIST_FILE = PulsingCircleAnimation/Info.plist;
				LD_RUNPATH_SEARCH_PATHS = (
					"$(inherited)",
					"@executable_path/Frameworks",
				);
				PRODUCT_BUNDLE_IDENTIFIER = me.PulsingCircleAnimation;
				PRODUCT_NAME = "$(TARGET_NAME)";
				SWIFT_VERSION = 5.0;
				TARGETED_DEVICE_FAMILY = "1,2";
			};
			name = Release;
		};
/* End XCBuildConfiguration section */

/* Begin XCConfigurationList section */
		633CEEC625C97ABF0096143F /* Build configuration list for PBXProject "PulsingCircleAnimation" */ = {
			isa = XCConfigurationList;
			buildConfigurations = (
				633CEEDD25C97AC10096143F /* Debug */,
				633CEEDE25C97AC10096143F /* Release */,
			);
			defaultConfigurationIsVisible = 0;
			defaultConfigurationName = Release;
		};
		633CEEDF25C97AC10096143F /* Build configuration list for PBXNativeTarget "PulsingCircleAnimation" */ = {
			isa = XCConfigurationList;
			buildConfigurations = (
				633CEEE025C97AC10096143F /* Debug */,
				633CEEE125C97AC10096143F /* Release */,
			);
			defaultConfigurationIsVisible = 0;
			defaultConfigurationName = Release;
		};
/* End XCConfigurationList section */
	};
	rootObject = 633CEEC325C97ABF0096143F /* Project object */;
}
